
Microsoft Visual Studio Solution File, Format Version 11.00
# Visual Studio 2010
Project("{FAE04EC0-301F-11D3-BF4B-00C04F79EFBC}") = "Assembly-CSharp", "Assembly-CSharp.csproj", "{CCCF99A9-45DB-CC5E-BE18-84180EDABFCC}"
EndProject
Global
	GlobalSection(SolutionConfigurationPlatforms) = preSolution
		Debug|Any CPU = Debug|Any CPU
		Release|Any CPU = Release|Any CPU
	EndGlobalSection
	GlobalSection(ProjectConfigurationPlatforms) = postSolution
		{CCCF99A9-45DB-CC5E-BE18-84180EDABFCC}.Debug|Any CPU.ActiveCfg = Debug|Any CPU
		{CCCF99A9-45DB-CC5E-BE18-84180EDABFCC}.Debug|Any CPU.Build.0 = Debug|Any CPU
		{CCCF99A9-45DB-CC5E-BE18-84180EDABFCC}.Release|Any CPU.ActiveCfg = Release|Any CPU
		{CCCF99A9-45DB-CC5E-BE18-84180EDABFCC}.Release|Any CPU.Build.0 = Release|Any CPU
	EndGlobalSection
EndGlobal
